<?xml version="1.0" encoding="utf-8"?>
<Project ToolsVersion="4.0" xmlns="http://schemas.microsoft.com/developer/msbuild/2003">
  <ItemGroup>
    <ClCompile Include="$(ProjectDir)..\..\third_party\opus\celt\celt_encoder.c">
      <Filter>third_party\celt</Filter>
    </ClCompile>
    <ClCompile Include="$(ProjectDir)..\..\third_party\opus\celt\celt_decoder.c">
      <Filter>third_party\celt</Filter>
    </ClCompile>
    <ClCompile Include="$(ProjectDir)..\..\third_party\wavpack\src\bits.c">
      <Filter>third_party\wavpack</Filter>
    </ClCompile>
    <ClCompile Include="$(ProjectDir)..\..\third_party\wavpack\src\extra1.c">
      <Filter>third_party\wavpack</Filter>
    </ClCompile>
    <ClCompile Include="$(ProjectDir)..\..\third_party\wavpack\src\extra2.c">
      <Filter>third_party\wavpack</Filter>
    </ClCompile>
    <ClCompile Include="$(ProjectDir)..\..\third_party\wavpack\src\float.c">
      <Filter>third_party\wavpack</Filter>
    </ClCompile>
    <ClCompile Include="$(ProjectDir)..\..\third_party\wavpack\src\pack.c">
      <Filter>third_party\wavpack</Filter>
    </ClCompile>
    <ClCompile Include="$(ProjectDir)..\..\third_party\wavpack\src\tags.c">
      <Filter>third_party\wavpack</Filter>
    </ClCompile>
    <ClCompile Include="$(ProjectDir)..\..\third_party\wavpack\src\unpack.c">
      <Filter>third_party\wavpack</Filter>
    </ClCompile>
    <ClCompile Include="$(ProjectDir)..\..\third_party\wavpack\src\unpack3.c">
      <Filter>third_party\wavpack</Filter>
    </ClCompile>
    <ClCompile Include="$(ProjectDir)..\..\third_party\wavpack\src\words.c">
      <Filter>third_party\wavpack</Filter>
    </ClCompile>
    <ClCompile Include="$(ProjectDir)..\..\third_party\wavpack\src\wputils.c">
      <Filter>third_party\wavpack</Filter>
    </ClCompile>
    <ClCompile Include="$(ProjectDir)..\..\third_party\wavpack\src\metadata.c">
      <Filter>third_party\wavpack</Filter>
    </ClCompile>
    <ClCompile Include="$(ProjectDir)..\..\src\VorbisDependencies.c">
      <Filter>src\deps</Filter>
    </ClCompile>
    <ClCompile Include="$(ProjectDir)..\..\src\OpusDependencies.c">
      <Filter>src\deps</Filter>
    </ClCompile>
    <ClCompile Include="$(ProjectDir)..\..\src\AudioDecoder.cpp">
      <Filter>src</Filter>
    </ClCompile>
    <ClCompile Include="$(ProjectDir)..\..\src\CafDecoder.cpp">
      <Filter>src</Filter>
    </ClCompile>
    <ClCompile Include="$(ProjectDir)..\..\src\AudioDevice.cpp">
      <Filter>src</Filter>
    </ClCompile>
    <ClCompile Include="$(ProjectDir)..\..\src\FlacDecoder.cpp">
      <Filter>src</Filter>
    </ClCompile>
    <ClCompile Include="$(ProjectDir)..\..\src\VorbisDecoder.cpp">
      <Filter>src</Filter>
    </ClCompile>
    <ClCompile Include="$(ProjectDir)..\..\src\WavDecoder.cpp">
      <Filter>src</Filter>
    </ClCompile>
    <ClCompile Include="$(ProjectDir)..\..\src\WavPackDecoder.cpp">
      <Filter>src</Filter>
    </ClCompile>
    <ClCompile Include="$(ProjectDir)..\..\src\WavEncoder.cpp">
      <Filter>src</Filter>
    </ClCompile>
    <ClCompile Include="$(ProjectDir)..\..\src\OpusDecoder.cpp">
      <Filter>src</Filter>
    </ClCompile>
    <ClCompile Include="$(ProjectDir)..\..\src\Common.cpp">
      <Filter>src</Filter>
    </ClCompile>
    <ClCompile Include="$(ProjectDir)..\..\src\RiffUtils.cpp">
      <Filter>src</Filter>
    </ClCompile>
    <ClCompile Include="$(ProjectDir)..\..\src\FlacDependencies.c">
      <Filter>src\deps</Filter>
    </ClCompile>
    <ClCompile Include="..\..\src\MusepackDependencies.c">
      <Filter>src\deps</Filter>
    </ClCompile>
    <ClCompile Include="..\..\src\MusepackDecoder.cpp">
      <Filter>src</Filter>
    </ClCompile>
    <ClCompile Include="..\..\third_party\musepack\libmpcdec\mpc_bits_reader.c">
      <Filter>third_party\mpc</Filter>
    </ClCompile>
    <ClCompile Include="..\..\third_party\musepack\libmpcdec\mpc_decoder.c">
      <Filter>third_party\mpc</Filter>
    </ClCompile>
    <ClCompile Include="..\..\third_party\musepack\libmpcdec\mpc_demux.c">
      <Filter>third_party\mpc</Filter>
    </ClCompile>
    <ClCompile Include="..\..\third_party\musepack\libmpcdec\mpc_reader.c">
      <Filter>third_party\mpc</Filter>
    </ClCompile>
  </ItemGroup>
  <ItemGroup>
    <ClInclude Include="$(ProjectDir)..\..\include\libnyquist\OpusDecoder.h">
      <Filter>src</Filter>
    </ClInclude>
    <ClInclude Include="$(ProjectDir)..\..\include\libnyquist\AudioDecoder.h">
      <Filter>include</Filter>
    </ClInclude>
    <ClInclude Include="$(ProjectDir)..\..\include\libnyquist\AudioDevice.h">
      <Filter>include</Filter>
    </ClInclude>
    <ClInclude Include="$(ProjectDir)..\..\include\libnyquist\CafDecoder.h">
      <Filter>include</Filter>
    </ClInclude>
    <ClInclude Include="$(ProjectDir)..\..\include\libnyquist\Common.h">
      <Filter>include</Filter>
    </ClInclude>
    <ClInclude Include="$(ProjectDir)..\..\include\libnyquist\FlacDecoder.h">
      <Filter>include</Filter>
    </ClInclude>
    <ClInclude Include="$(ProjectDir)..\..\include\libnyquist\VorbisDecoder.h">
      <Filter>include</Filter>
    </ClInclude>
    <ClInclude Include="$(ProjectDir)..\..\include\libnyquist\WavDecoder.h">
      <Filter>include</Filter>
    </ClInclude>
    <ClInclude Include="$(ProjectDir)..\..\include\libnyquist\WavEncoder.h">
      <Filter>include</Filter>
    </ClInclude>
    <ClInclude Include="$(ProjectDir)..\..\include\libnyquist\WavPackDecoder.h">
      <Filter>include</Filter>
    </ClInclude>
    <ClInclude Include="$(ProjectDir)..\..\include\libnyquist\RingBuffer.h">
      <Filter>include\util</Filter>
    </ClInclude>
    <ClInclude Include="$(ProjectDir)..\..\include\libnyquist\PostProcess.h">
      <Filter>include\util</Filter>
    </ClInclude>
    <ClInclude Include="$(ProjectDir)..\..\include\libnyquist\Dither.h">
      <Filter>include\util</Filter>
    </ClInclude>
    <ClInclude Include="$(ProjectDir)..\..\include\libnyquist\RiffUtils.h">
      <Filter>include\util</Filter>
    </ClInclude>
    <ClInclude Include="..\..\include\libnyquist\MusepackDecoder.h">
      <Filter>include</Filter>
    </ClInclude>
    <ClInclude Include="..\..\include\libnyquist\IMA4Util.h">
      <Filter>include\util</Filter>
    </ClInclude>
  </ItemGroup>
  <ItemGroup>
    <Filter Include="include">
      <UniqueIdentifier>{f4ea8340-b8ea-4a42-bafb-6cb461e7a2f3}</UniqueIdentifier>
    </Filter>
    <Filter Include="src">
      <UniqueIdentifier>{a18b19d5-5cd3-49fc-beec-ed17d8e81d6b}</UniqueIdentifier>
    </Filter>
    <Filter Include="third_party">
      <UniqueIdentifier>{33572766-230e-4a7f-8c06-885c4780c1d1}</UniqueIdentifier>
    </Filter>
    <Filter Include="third_party\wavpack">
      <UniqueIdentifier>{d40a1038-d11f-45dc-820b-e32743336269}</UniqueIdentifier>
    </Filter>
    <Filter Include="third_party\celt">
      <UniqueIdentifier>{d38860a7-b4e5-4a1e-99a5-c4eac7e1c013}</UniqueIdentifier>
    </Filter>
    <Filter Include="include\util">
      <UniqueIdentifier>{f27e7823-c56c-4e03-af63-2ef0b1e83cbd}</UniqueIdentifier>
    </Filter>
    <Filter Include="src\deps">
      <UniqueIdentifier>{d839471f-71d1-471e-95e0-c33af9bb64bc}</UniqueIdentifier>
    </Filter>
    <Filter Include="third_party\mpc">
      <UniqueIdentifier>{5e7b9ab1-a3bf-4934-96d8-38ad1c4b08d7}</UniqueIdentifier>
    </Filter>
  </ItemGroup>
</Project>