
Microsoft Visual Studio Solution File, Format Version 12.00
# Visual Studio 2013
VisualStudioVersion = 12.0.30723.0
MinimumVisualStudioVersion = 10.0.40219.1
Project("{8BC9CEB8-8B4A-11D0-8D11-00A0C91BC942}") = "libnyquist-examples", "libnyquist-examples.vcxproj", "{C0C0C270-FB9E-4EEB-8F22-180BB2FA800B}"
EndProject
Project("{8BC9CEB8-8B4A-11D0-8D11-00A0C91BC942}") = "libnyquist", "..\..\libnyquist.vcxproj\v120\libnyquist.vcxproj", "{0EEC3739-F60A-4B90-8B75-9E1AFF28106A}"
EndProject
Global
	GlobalSection(SolutionConfigurationPlatforms) = preSolution
		Debug|Win32 = Debug|Win32
		Release|Win32 = Release|Win32
	EndGlobalSection
	GlobalSection(ProjectConfigurationPlatforms) = postSolution
		{C0C0C270-FB9E-4EEB-8F22-180BB2FA800B}.Debug|Win32.ActiveCfg = Debug|Win32
		{C0C0C270-FB9E-4EEB-8F22-180BB2FA800B}.Debug|Win32.Build.0 = Debug|Win32
		{C0C0C270-FB9E-4EEB-8F22-180BB2FA800B}.Release|Win32.ActiveCfg = Release|Win32
		{C0C0C270-FB9E-4EEB-8F22-180BB2FA800B}.Release|Win32.Build.0 = Release|Win32
		{0EEC3739-F60A-4B90-8B75-9E1AFF28106A}.Debug|Win32.ActiveCfg = Debug|Win32
		{0EEC3739-F60A-4B90-8B75-9E1AFF28106A}.Debug|Win32.Build.0 = Debug|Win32
		{0EEC3739-F60A-4B90-8B75-9E1AFF28106A}.Release|Win32.ActiveCfg = Release|Win32
		{0EEC3739-F60A-4B90-8B75-9E1AFF28106A}.Release|Win32.Build.0 = Release|Win32
	EndGlobalSection
	GlobalSection(SolutionProperties) = preSolution
		HideSolutionNode = FALSE
	EndGlobalSection
EndGlobal
