// !$*UTF8*$!
{
	archiveVersion = 1;
	classes = {
	};
	objectVersion = 46;
	objects = {

/* Begin PBXBuildFile section */
		083DB3F11B0871D700FB0661 /* RtAudio.cpp in Sources */ = {isa = PBXBuildFile; fileRef = 083DB3EF1B0871D700FB0661 /* RtAudio.cpp */; };
		08B91D791AC273A900335131 /* libpthread.dylib in Frameworks */ = {isa = PBXBuildFile; fileRef = 08B91D781AC273A900335131 /* libpthread.dylib */; };
		08B91D7B1AC273AE00335131 /* CoreAudio.framework in Frameworks */ = {isa = PBXBuildFile; fileRef = 08B91D7A1AC273AE00335131 /* CoreAudio.framework */; };
		08B91D7D1AC273E400335131 /* CoreFoundation.framework in Frameworks */ = {isa = PBXBuildFile; fileRef = 08B91D7C1AC273E400335131 /* CoreFoundation.framework */; };
		08B91D7F1AC273EA00335131 /* CoreServices.framework in Frameworks */ = {isa = PBXBuildFile; fileRef = 08B91D7E1AC273EA00335131 /* CoreServices.framework */; };
		08B91D9F1AC73B8A00335131 /* Main.cpp in Sources */ = {isa = PBXBuildFile; fileRef = 08B91D951AC73B8A00335131 /* Main.cpp */; };
		08BD8BD61B087097006C227C /* libnyquist.a in Frameworks */ = {isa = PBXBuildFile; fileRef = 08BD8BD51B087097006C227C /* libnyquist.a */; };
/* End PBXBuildFile section */

/* Begin PBXCopyFilesBuildPhase section */
		08B91D241AC26FC100335131 /* CopyFiles */ = {
			isa = PBXCopyFilesBuildPhase;
			buildActionMask = 2147483647;
			dstPath = /usr/share/man/man1/;
			dstSubfolderSpec = 0;
			files = (
			);
			runOnlyForDeploymentPostprocessing = 1;
		};
/* End PBXCopyFilesBuildPhase section */

/* Begin PBXFileReference section */
		083DB3EF1B0871D700FB0661 /* RtAudio.cpp */ = {isa = PBXFileReference; fileEncoding = 4; lastKnownFileType = sourcecode.cpp.cpp; name = RtAudio.cpp; path = ../third_party/rtaudio/RtAudio.cpp; sourceTree = SOURCE_ROOT; };
		083DB3F01B0871D700FB0661 /* RtAudio.h */ = {isa = PBXFileReference; fileEncoding = 4; lastKnownFileType = sourcecode.c.h; name = RtAudio.h; path = ../third_party/rtaudio/RtAudio.h; sourceTree = SOURCE_ROOT; };
		08B91D261AC26FC100335131 /* nyquist-example */ = {isa = PBXFileReference; explicitFileType = "compiled.mach-o.executable"; includeInIndex = 0; path = "nyquist-example"; sourceTree = BUILT_PRODUCTS_DIR; };
		08B91D781AC273A900335131 /* libpthread.dylib */ = {isa = PBXFileReference; lastKnownFileType = "compiled.mach-o.dylib"; name = libpthread.dylib; path = usr/lib/libpthread.dylib; sourceTree = SDKROOT; };
		08B91D7A1AC273AE00335131 /* CoreAudio.framework */ = {isa = PBXFileReference; lastKnownFileType = wrapper.framework; name = CoreAudio.framework; path = System/Library/Frameworks/CoreAudio.framework; sourceTree = SDKROOT; };
		08B91D7C1AC273E400335131 /* CoreFoundation.framework */ = {isa = PBXFileReference; lastKnownFileType = wrapper.framework; name = CoreFoundation.framework; path = System/Library/Frameworks/CoreFoundation.framework; sourceTree = SDKROOT; };
		08B91D7E1AC273EA00335131 /* CoreServices.framework */ = {isa = PBXFileReference; lastKnownFileType = wrapper.framework; name = CoreServices.framework; path = System/Library/Frameworks/CoreServices.framework; sourceTree = SDKROOT; };
		08B91D951AC73B8A00335131 /* Main.cpp */ = {isa = PBXFileReference; fileEncoding = 4; lastKnownFileType = sourcecode.cpp.cpp; name = Main.cpp; path = src/Main.cpp; sourceTree = SOURCE_ROOT; };
		08BD8BD51B087097006C227C /* libnyquist.a */ = {isa = PBXFileReference; lastKnownFileType = archive.ar; name = libnyquist.a; path = ../../../Library/Developer/Xcode/DerivedData/bin/Debug/libnyquist.a; sourceTree = "<group>"; };
/* End PBXFileReference section */

/* Begin PBXFrameworksBuildPhase section */
		08B91D231AC26FC100335131 /* Frameworks */ = {
			isa = PBXFrameworksBuildPhase;
			buildActionMask = 2147483647;
			files = (
				08BD8BD61B087097006C227C /* libnyquist.a in Frameworks */,
				08B91D7F1AC273EA00335131 /* CoreServices.framework in Frameworks */,
				08B91D7D1AC273E400335131 /* CoreFoundation.framework in Frameworks */,
				08B91D7B1AC273AE00335131 /* CoreAudio.framework in Frameworks */,
				08B91D791AC273A900335131 /* libpthread.dylib in Frameworks */,
			);
			runOnlyForDeploymentPostprocessing = 0;
		};
/* End PBXFrameworksBuildPhase section */

/* Begin PBXGroup section */
		083DB3EB1B0871B300FB0661 /* third_party */ = {
			isa = PBXGroup;
			children = (
				083DB3EF1B0871D700FB0661 /* RtAudio.cpp */,
				083DB3F01B0871D700FB0661 /* RtAudio.h */,
			);
			name = third_party;
			sourceTree = "<group>";
		};
		08B91D1D1AC26FC100335131 = {
			isa = PBXGroup;
			children = (
				08B91D281AC26FC100335131 /* Example */,
				08B91D801AC73B3B00335131 /* Frameworks */,
				08B91D271AC26FC100335131 /* Products */,
			);
			sourceTree = "<group>";
		};
		08B91D271AC26FC100335131 /* Products */ = {
			isa = PBXGroup;
			children = (
				08B91D261AC26FC100335131 /* nyquist-example */,
			);
			name = Products;
			sourceTree = "<group>";
		};
		08B91D281AC26FC100335131 /* Example */ = {
			isa = PBXGroup;
			children = (
				08B91D821AC73B6900335131 /* src */,
				083DB3EB1B0871B300FB0661 /* third_party */,
			);
			name = Example;
			path = libnyquist;
			sourceTree = "<group>";
		};
		08B91D801AC73B3B00335131 /* Frameworks */ = {
			isa = PBXGroup;
			children = (
				08B91D7E1AC273EA00335131 /* CoreServices.framework */,
				08B91D7C1AC273E400335131 /* CoreFoundation.framework */,
				08B91D7A1AC273AE00335131 /* CoreAudio.framework */,
				08B91D781AC273A900335131 /* libpthread.dylib */,
				08BD8BD51B087097006C227C /* libnyquist.a */,
			);
			name = Frameworks;
			sourceTree = "<group>";
		};
		08B91D821AC73B6900335131 /* src */ = {
			isa = PBXGroup;
			children = (
				08B91D951AC73B8A00335131 /* Main.cpp */,
			);
			name = src;
			sourceTree = "<group>";
		};
/* End PBXGroup section */

/* Begin PBXNativeTarget section */
		08B91D251AC26FC100335131 /* nyquist-example */ = {
			isa = PBXNativeTarget;
			buildConfigurationList = 08B91D2D1AC26FC100335131 /* Build configuration list for PBXNativeTarget "nyquist-example" */;
			buildPhases = (
				08B91D221AC26FC100335131 /* Sources */,
				08B91D231AC26FC100335131 /* Frameworks */,
				08B91D241AC26FC100335131 /* CopyFiles */,
			);
			buildRules = (
			);
			dependencies = (
			);
			name = "nyquist-example";
			productName = libnyquist;
			productReference = 08B91D261AC26FC100335131 /* nyquist-example */;
			productType = "com.apple.product-type.tool";
		};
/* End PBXNativeTarget section */

/* Begin PBXProject section */
		08B91D1E1AC26FC100335131 /* Project object */ = {
			isa = PBXProject;
			attributes = {
				LastUpgradeCheck = 0610;
				ORGANIZATIONNAME = "Dimitri Diakopoulos";
				TargetAttributes = {
					08B91D251AC26FC100335131 = {
						CreatedOnToolsVersion = 6.1.1;
					};
				};
			};
			buildConfigurationList = 08B91D211AC26FC100335131 /* Build configuration list for PBXProject "libnyquist-example" */;
			compatibilityVersion = "Xcode 3.2";
			developmentRegion = English;
			hasScannedForEncodings = 0;
			knownRegions = (
				en,
			);
			mainGroup = 08B91D1D1AC26FC100335131;
			productRefGroup = 08B91D271AC26FC100335131 /* Products */;
			projectDirPath = "";
			projectRoot = "";
			targets = (
				08B91D251AC26FC100335131 /* nyquist-example */,
			);
		};
/* End PBXProject section */

/* Begin PBXSourcesBuildPhase section */
		08B91D221AC26FC100335131 /* Sources */ = {
			isa = PBXSourcesBuildPhase;
			buildActionMask = 2147483647;
			files = (
				083DB3F11B0871D700FB0661 /* RtAudio.cpp in Sources */,
				08B91D9F1AC73B8A00335131 /* Main.cpp in Sources */,
			);
			runOnlyForDeploymentPostprocessing = 0;
		};
/* End PBXSourcesBuildPhase section */

/* Begin XCBuildConfiguration section */
		08B91D2B1AC26FC100335131 /* Debug */ = {
			isa = XCBuildConfiguration;
			buildSettings = {
				ALWAYS_SEARCH_USER_PATHS = NO;
				CLANG_CXX_LANGUAGE_STANDARD = "gnu++0x";
				CLANG_CXX_LIBRARY = "libc++";
				CLANG_ENABLE_MODULES = YES;
				CLANG_ENABLE_OBJC_ARC = YES;
				CLANG_WARN_BOOL_CONVERSION = YES;
				CLANG_WARN_CONSTANT_CONVERSION = YES;
				CLANG_WARN_DIRECT_OBJC_ISA_USAGE = YES_ERROR;
				CLANG_WARN_EMPTY_BODY = YES;
				CLANG_WARN_ENUM_CONVERSION = YES;
				CLANG_WARN_INT_CONVERSION = YES;
				CLANG_WARN_OBJC_ROOT_CLASS = YES_ERROR;
				CLANG_WARN_UNREACHABLE_CODE = YES;
				CLANG_WARN__DUPLICATE_METHOD_MATCH = YES;
				COPY_PHASE_STRIP = NO;
				ENABLE_STRICT_OBJC_MSGSEND = YES;
				GCC_C_LANGUAGE_STANDARD = gnu99;
				GCC_DYNAMIC_NO_PIC = NO;
				GCC_OPTIMIZATION_LEVEL = 0;
				GCC_PREPROCESSOR_DEFINITIONS = (
					"DEBUG=1",
					"$(inherited)",
				);
				GCC_SYMBOLS_PRIVATE_EXTERN = NO;
				GCC_WARN_64_TO_32_BIT_CONVERSION = YES;
				GCC_WARN_ABOUT_RETURN_TYPE = YES_ERROR;
				GCC_WARN_UNDECLARED_SELECTOR = YES;
				GCC_WARN_UNINITIALIZED_AUTOS = YES_AGGRESSIVE;
				GCC_WARN_UNUSED_FUNCTION = YES;
				GCC_WARN_UNUSED_VARIABLE = YES;
				MACOSX_DEPLOYMENT_TARGET = 10.10;
				MTL_ENABLE_DEBUG_INFO = YES;
				ONLY_ACTIVE_ARCH = YES;
				SDKROOT = macosx;
			};
			name = Debug;
		};
		08B91D2C1AC26FC100335131 /* Release */ = {
			isa = XCBuildConfiguration;
			buildSettings = {
				ALWAYS_SEARCH_USER_PATHS = NO;
				CLANG_CXX_LANGUAGE_STANDARD = "gnu++0x";
				CLANG_CXX_LIBRARY = "libc++";
				CLANG_ENABLE_MODULES = YES;
				CLANG_ENABLE_OBJC_ARC = YES;
				CLANG_WARN_BOOL_CONVERSION = YES;
				CLANG_WARN_CONSTANT_CONVERSION = YES;
				CLANG_WARN_DIRECT_OBJC_ISA_USAGE = YES_ERROR;
				CLANG_WARN_EMPTY_BODY = YES;
				CLANG_WARN_ENUM_CONVERSION = YES;
				CLANG_WARN_INT_CONVERSION = YES;
				CLANG_WARN_OBJC_ROOT_CLASS = YES_ERROR;
				CLANG_WARN_UNREACHABLE_CODE = YES;
				CLANG_WARN__DUPLICATE_METHOD_MATCH = YES;
				COPY_PHASE_STRIP = YES;
				DEBUG_INFORMATION_FORMAT = "dwarf-with-dsym";
				ENABLE_NS_ASSERTIONS = NO;
				ENABLE_STRICT_OBJC_MSGSEND = YES;
				GCC_C_LANGUAGE_STANDARD = gnu99;
				GCC_WARN_64_TO_32_BIT_CONVERSION = YES;
				GCC_WARN_ABOUT_RETURN_TYPE = YES_ERROR;
				GCC_WARN_UNDECLARED_SELECTOR = YES;
				GCC_WARN_UNINITIALIZED_AUTOS = YES_AGGRESSIVE;
				GCC_WARN_UNUSED_FUNCTION = YES;
				GCC_WARN_UNUSED_VARIABLE = YES;
				MACOSX_DEPLOYMENT_TARGET = 10.10;
				MTL_ENABLE_DEBUG_INFO = NO;
				SDKROOT = macosx;
			};
			name = Release;
		};
		08B91D2E1AC26FC100335131 /* Debug */ = {
			isa = XCBuildConfiguration;
			buildSettings = {
				CLANG_ALLOW_NON_MODULAR_INCLUDES_IN_FRAMEWORK_MODULES = NO;
				CLANG_CXX_LANGUAGE_STANDARD = "gnu++0x";
				CLANG_CXX_LIBRARY = "libc++";
				CLANG_ENABLE_MODULES = YES;
				GCC_CHAR_IS_UNSIGNED_CHAR = NO;
				GCC_C_LANGUAGE_STANDARD = gnu99;
				GCC_ENABLE_BUILTIN_FUNCTIONS = YES;
				GCC_INLINES_ARE_PRIVATE_EXTERN = NO;
				GCC_INPUT_FILETYPE = automatic;
				GCC_LINK_WITH_DYNAMIC_LIBRARIES = YES;
				GCC_NO_COMMON_BLOCKS = NO;
				GCC_PREPROCESSOR_DEFINITIONS = (
					__MACOSX_CORE__,
					USE_ALLOCA,
					OPUS_BUILD,
				);
				GCC_STRICT_ALIASING = NO;
				HEADER_SEARCH_PATHS = (
					"$(inherited)",
					/Applications/Xcode.app/Contents/Developer/Toolchains/XcodeDefault.xctoolchain/usr/include,
					"$(SRCROOT)/../include",
					"$(SRCROOT)/../third_party",
				);
				LIBRARY_SEARCH_PATHS = (
					"$(inherited)",
					"$(USER_LIBRARY_DIR)/Developer/Xcode/DerivedData/bin/Debug",
				);
				PRODUCT_NAME = "$(TARGET_NAME)";
				SCAN_ALL_SOURCE_FILES_FOR_INCLUDES = YES;
			};
			name = Debug;
		};
		08B91D2F1AC26FC100335131 /* Release */ = {
			isa = XCBuildConfiguration;
			buildSettings = {
				CLANG_ALLOW_NON_MODULAR_INCLUDES_IN_FRAMEWORK_MODULES = NO;
				CLANG_CXX_LANGUAGE_STANDARD = "gnu++0x";
				CLANG_CXX_LIBRARY = "libc++";
				CLANG_ENABLE_MODULES = YES;
				GCC_CHAR_IS_UNSIGNED_CHAR = NO;
				GCC_C_LANGUAGE_STANDARD = gnu99;
				GCC_ENABLE_BUILTIN_FUNCTIONS = YES;
				GCC_INLINES_ARE_PRIVATE_EXTERN = NO;
				GCC_INPUT_FILETYPE = automatic;
				GCC_LINK_WITH_DYNAMIC_LIBRARIES = YES;
				GCC_NO_COMMON_BLOCKS = NO;
				GCC_PREPROCESSOR_DEFINITIONS = (
					__MACOSX_CORE__,
					USE_ALLOCA,
					OPUS_BUILD,
				);
				GCC_STRICT_ALIASING = NO;
				HEADER_SEARCH_PATHS = (
					"$(inherited)",
					/Applications/Xcode.app/Contents/Developer/Toolchains/XcodeDefault.xctoolchain/usr/include,
					"$(SRCROOT)/../include",
					"$(SRCROOT)/../third_party",
				);
				LIBRARY_SEARCH_PATHS = (
					"$(inherited)",
					"$(USER_LIBRARY_DIR)/Developer/Xcode/DerivedData/bin/Debug",
				);
				PRODUCT_NAME = "$(TARGET_NAME)";
				SCAN_ALL_SOURCE_FILES_FOR_INCLUDES = YES;
			};
			name = Release;
		};
/* End XCBuildConfiguration section */

/* Begin XCConfigurationList section */
		08B91D211AC26FC100335131 /* Build configuration list for PBXProject "libnyquist-example" */ = {
			isa = XCConfigurationList;
			buildConfigurations = (
				08B91D2B1AC26FC100335131 /* Debug */,
				08B91D2C1AC26FC100335131 /* Release */,
			);
			defaultConfigurationIsVisible = 0;
			defaultConfigurationName = Release;
		};
		08B91D2D1AC26FC100335131 /* Build configuration list for PBXNativeTarget "nyquist-example" */ = {
			isa = XCConfigurationList;
			buildConfigurations = (
				08B91D2E1AC26FC100335131 /* Debug */,
				08B91D2F1AC26FC100335131 /* Release */,
			);
			defaultConfigurationIsVisible = 0;
			defaultConfigurationName = Release;
		};
/* End XCConfigurationList section */
	};
	rootObject = 08B91D1E1AC26FC100335131 /* Project object */;
}
